
Microsoft Visual Studio Solution File, Format Version 12.00
# Visual Studio Version 16
VisualStudioVersion = 16.0.31321.278
MinimumVisualStudioVersion = 10.0.40219.1
Project("{9A19103F-16F7-4668-BE54-9A1E7A4F7556}") = "FitFor", "FitFor\FitFor.csproj", "{0C07F38E-F3A0-46AB-B4E9-5EB2CAF52C0A}"
EndProject
Global
	GlobalSection(SolutionConfigurationPlatforms) = preSolution
		Debug|Any CPU = Debug|Any CPU
		Release|Any CPU = Release|Any CPU
	EndGlobalSection
	GlobalSection(ProjectConfigurationPlatforms) = postSolution
		{0C07F38E-F3A0-46AB-B4E9-5EB2CAF52C0A}.Debug|Any CPU.ActiveCfg = Debug|Any CPU
		{0C07F38E-F3A0-46AB-B4E9-5EB2CAF52C0A}.Debug|Any CPU.Build.0 = Debug|Any CPU
		{0C07F38E-F3A0-46AB-B4E9-5EB2CAF52C0A}.Release|Any CPU.ActiveCfg = Release|Any CPU
		{0C07F38E-F3A0-46AB-B4E9-5EB2CAF52C0A}.Release|Any CPU.Build.0 = Release|Any CPU
	EndGlobalSection
	GlobalSection(SolutionProperties) = preSolution
		HideSolutionNode = FALSE
	EndGlobalSection
	GlobalSection(ExtensibilityGlobals) = postSolution
		SolutionGuid = {08F218B6-C3F2-425E-A165-742F9E908539}
	EndGlobalSection
EndGlobal
